
Microsoft Visual Studio Solution File, Format Version 12.00
# Visual Studio 15
VisualStudioVersion = 15.0.28010.2046
MinimumVisualStudioVersion = 10.0.40219.1
Project("{FAE04EC0-301F-11D3-BF4B-00C04F79EFBC}") = "FindANameFarm", "FindANameFarm\FindANameFarm.csproj", "{16563AEF-8276-4868-B749-71AC6C2AD0C6}"
EndProject
Project("{FAE04EC0-301F-11D3-BF4B-00C04F79EFBC}") = "FindANameFarmTest", "FindANameFarmTest\FindANameFarmTest.csproj", "{4997922C-4F52-44EF-80F0-839DE1B468FE}"
EndProject
Global
	GlobalSection(SolutionConfigurationPlatforms) = preSolution
		Debug|Any CPU = Debug|Any CPU
		Release|Any CPU = Release|Any CPU
	EndGlobalSection
	GlobalSection(ProjectConfigurationPlatforms) = postSolution
		{16563AEF-8276-4868-B749-71AC6C2AD0C6}.Debug|Any CPU.ActiveCfg = Debug|Any CPU
		{16563AEF-8276-4868-B749-71AC6C2AD0C6}.Debug|Any CPU.Build.0 = Debug|Any CPU
		{16563AEF-8276-4868-B749-71AC6C2AD0C6}.Release|Any CPU.ActiveCfg = Release|Any CPU
		{16563AEF-8276-4868-B749-71AC6C2AD0C6}.Release|Any CPU.Build.0 = Release|Any CPU
		{4997922C-4F52-44EF-80F0-839DE1B468FE}.Debug|Any CPU.ActiveCfg = Debug|Any CPU
		{4997922C-4F52-44EF-80F0-839DE1B468FE}.Debug|Any CPU.Build.0 = Debug|Any CPU
		{4997922C-4F52-44EF-80F0-839DE1B468FE}.Release|Any CPU.ActiveCfg = Release|Any CPU
		{4997922C-4F52-44EF-80F0-839DE1B468FE}.Release|Any CPU.Build.0 = Release|Any CPU
	EndGlobalSection
	GlobalSection(SolutionProperties) = preSolution
		HideSolutionNode = FALSE
	EndGlobalSection
	GlobalSection(ExtensibilityGlobals) = postSolution
		SolutionGuid = {1E15D54C-EC7C-408A-B462-DDB09E168719}
	EndGlobalSection
EndGlobal
